// !$*UTF8*$!
{
	archiveVersion = 1;
	classes = {
	};
	objectVersion = 46;
	objects = {

/* Begin PBXBuildFile section */
		40F5C2581EA930230058D551 /* OCTTextView.swift in Sources */ = {isa = PBXBuildFile; fileRef = 40F5C2571EA930230058D551 /* OCTTextView.swift */; };
		AEBC22691EA773CE00B64AFB /* OCTWebViewBasedViewController.swift in Sources */ = {isa = PBXBuildFile; fileRef = AEBC22671EA773CE00B64AFB /* OCTWebViewBasedViewController.swift */; };
		AEBC226D1EA773DE00B64AFB /* OCTTextViewBasedViewController.swift in Sources */ = {isa = PBXBuildFile; fileRef = AEBC226B1EA773DE00B64AFB /* OCTTextViewBasedViewController.swift */; };
		AEBC22761EA7859A00B64AFB /* Main.storyboard in Resources */ = {isa = PBXBuildFile; fileRef = AEBC22741EA7859A00B64AFB /* Main.storyboard */; };
		AEBC22841EA7A6A600B64AFB /* cook_complete_speech.html in Resources */ = {isa = PBXBuildFile; fileRef = AEBC227F1EA7A6A600B64AFB /* cook_complete_speech.html */; };
		AEBC22851EA7A6A600B64AFB /* jobs_completed_speech.html in Resources */ = {isa = PBXBuildFile; fileRef = AEBC22811EA7A6A600B64AFB /* jobs_completed_speech.html */; };
		AEBC22861EA7A6A600B64AFB /* jobs_original_speech.txt in Resources */ = {isa = PBXBuildFile; fileRef = AEBC22821EA7A6A600B64AFB /* jobs_original_speech.txt */; };
		AEBC22871EA7A6A600B64AFB /* template.html in Resources */ = {isa = PBXBuildFile; fileRef = AEBC22831EA7A6A600B64AFB /* template.html */; };
		AECD90361EA636630039A72D /* AppDelegate.swift in Sources */ = {isa = PBXBuildFile; fileRef = AECD90351EA636630039A72D /* AppDelegate.swift */; };
		AECD903D1EA636630039A72D /* Assets.xcassets in Resources */ = {isa = PBXBuildFile; fileRef = AECD903C1EA636630039A72D /* Assets.xcassets */; };
		AECD90401EA636630039A72D /* LaunchScreen.storyboard in Resources */ = {isa = PBXBuildFile; fileRef = AECD903E1EA636630039A72D /* LaunchScreen.storyboard */; };
/* End PBXBuildFile section */

/* Begin PBXFileReference section */
		40F5C2571EA930230058D551 /* OCTTextView.swift */ = {isa = PBXFileReference; fileEncoding = 4; lastKnownFileType = sourcecode.swift; path = OCTTextView.swift; sourceTree = "<group>"; };
		AEBC22671EA773CE00B64AFB /* OCTWebViewBasedViewController.swift */ = {isa = PBXFileReference; fileEncoding = 4; lastKnownFileType = sourcecode.swift; path = OCTWebViewBasedViewController.swift; sourceTree = "<group>"; };
		AEBC226B1EA773DE00B64AFB /* OCTTextViewBasedViewController.swift */ = {isa = PBXFileReference; fileEncoding = 4; lastKnownFileType = sourcecode.swift; path = OCTTextViewBasedViewController.swift; sourceTree = "<group>"; };
		AEBC22751EA7859A00B64AFB /* Base */ = {isa = PBXFileReference; lastKnownFileType = file.storyboard; name = Base; path = Base.lproj/Main.storyboard; sourceTree = "<group>"; };
		AEBC227F1EA7A6A600B64AFB /* cook_complete_speech.html */ = {isa = PBXFileReference; fileEncoding = 4; lastKnownFileType = text.html; path = cook_complete_speech.html; sourceTree = "<group>"; };
		AEBC22811EA7A6A600B64AFB /* jobs_completed_speech.html */ = {isa = PBXFileReference; fileEncoding = 4; lastKnownFileType = text.html; path = jobs_completed_speech.html; sourceTree = "<group>"; };
		AEBC22821EA7A6A600B64AFB /* jobs_original_speech.txt */ = {isa = PBXFileReference; fileEncoding = 4; lastKnownFileType = text; path = jobs_original_speech.txt; sourceTree = "<group>"; };
		AEBC22831EA7A6A600B64AFB /* template.html */ = {isa = PBXFileReference; fileEncoding = 4; lastKnownFileType = text.html; path = template.html; sourceTree = "<group>"; };
		AECD90321EA636630039A72D /* OCTCustomUITextViewLinkColor.app */ = {isa = PBXFileReference; explicitFileType = wrapper.application; includeInIndex = 0; path = OCTCustomUITextViewLinkColor.app; sourceTree = BUILT_PRODUCTS_DIR; };
		AECD90351EA636630039A72D /* AppDelegate.swift */ = {isa = PBXFileReference; lastKnownFileType = sourcecode.swift; path = AppDelegate.swift; sourceTree = "<group>"; };
		AECD903C1EA636630039A72D /* Assets.xcassets */ = {isa = PBXFileReference; lastKnownFileType = folder.assetcatalog; path = Assets.xcassets; sourceTree = "<group>"; };
		AECD903F1EA636630039A72D /* Base */ = {isa = PBXFileReference; lastKnownFileType = file.storyboard; name = Base; path = Base.lproj/LaunchScreen.storyboard; sourceTree = "<group>"; };
		AECD90411EA636630039A72D /* Info.plist */ = {isa = PBXFileReference; lastKnownFileType = text.plist.xml; path = Info.plist; sourceTree = "<group>"; };
/* End PBXFileReference section */

/* Begin PBXFrameworksBuildPhase section */
		AECD902F1EA636630039A72D /* Frameworks */ = {
			isa = PBXFrameworksBuildPhase;
			buildActionMask = 2147483647;
			files = (
			);
			runOnlyForDeploymentPostprocessing = 0;
		};
/* End PBXFrameworksBuildPhase section */

/* Begin PBXGroup section */
		AEBC227D1EA7A6A600B64AFB /* Resources */ = {
			isa = PBXGroup;
			children = (
				AEBC227E1EA7A6A600B64AFB /* Cook */,
				AEBC22801EA7A6A600B64AFB /* Jobs */,
				AEBC22831EA7A6A600B64AFB /* template.html */,
			);
			name = Resources;
			path = OCTCustomUITextViewLinkColor/Resources;
			sourceTree = "<group>";
		};
		AEBC227E1EA7A6A600B64AFB /* Cook */ = {
			isa = PBXGroup;
			children = (
				AEBC227F1EA7A6A600B64AFB /* cook_complete_speech.html */,
			);
			path = Cook;
			sourceTree = "<group>";
		};
		AEBC22801EA7A6A600B64AFB /* Jobs */ = {
			isa = PBXGroup;
			children = (
				AEBC22811EA7A6A600B64AFB /* jobs_completed_speech.html */,
				AEBC22821EA7A6A600B64AFB /* jobs_original_speech.txt */,
			);
			path = Jobs;
			sourceTree = "<group>";
		};
		AECD90291EA636630039A72D = {
			isa = PBXGroup;
			children = (
				AECD90341EA636630039A72D /* OCTCustomUITextViewLinkColor */,
				AEBC227D1EA7A6A600B64AFB /* Resources */,
				AECD90331EA636630039A72D /* Products */,
			);
			sourceTree = "<group>";
		};
		AECD90331EA636630039A72D /* Products */ = {
			isa = PBXGroup;
			children = (
				AECD90321EA636630039A72D /* OCTCustomUITextViewLinkColor.app */,
			);
			name = Products;
			sourceTree = "<group>";
		};
		AECD90341EA636630039A72D /* OCTCustomUITextViewLinkColor */ = {
			isa = PBXGroup;
			children = (
				AEBC22671EA773CE00B64AFB /* OCTWebViewBasedViewController.swift */,
				40F5C2571EA930230058D551 /* OCTTextView.swift */,
				AEBC226B1EA773DE00B64AFB /* OCTTextViewBasedViewController.swift */,
				AECD90351EA636630039A72D /* AppDelegate.swift */,
				AECD903C1EA636630039A72D /* Assets.xcassets */,
				AEBC22741EA7859A00B64AFB /* Main.storyboard */,
				AECD903E1EA636630039A72D /* LaunchScreen.storyboard */,
				AECD90411EA636630039A72D /* Info.plist */,
			);
			path = OCTCustomUITextViewLinkColor;
			sourceTree = "<group>";
		};
/* End PBXGroup section */

/* Begin PBXNativeTarget section */
		AECD90311EA636630039A72D /* OCTCustomUITextViewLinkColor */ = {
			isa = PBXNativeTarget;
			buildConfigurationList = AECD90441EA636630039A72D /* Build configuration list for PBXNativeTarget "OCTCustomUITextViewLinkColor" */;
			buildPhases = (
				AECD902E1EA636630039A72D /* Sources */,
				AECD902F1EA636630039A72D /* Frameworks */,
				AECD90301EA636630039A72D /* Resources */,
			);
			buildRules = (
			);
			dependencies = (
			);
			name = OCTCustomUITextViewLinkColor;
			productName = OCTCustomUITextViewLinkColor;
			productReference = AECD90321EA636630039A72D /* OCTCustomUITextViewLinkColor.app */;
			productType = "com.apple.product-type.application";
		};
/* End PBXNativeTarget section */

/* Begin PBXProject section */
		AECD902A1EA636630039A72D /* Project object */ = {
			isa = PBXProject;
			attributes = {
				LastSwiftUpdateCheck = 0830;
				LastUpgradeCheck = 0830;
				ORGANIZATIONNAME = dmitry.brovkin;
				TargetAttributes = {
					AECD90311EA636630039A72D = {
						CreatedOnToolsVersion = 8.3;
						ProvisioningStyle = Automatic;
					};
				};
			};
			buildConfigurationList = AECD902D1EA636630039A72D /* Build configuration list for PBXProject "OCTCustomUITextViewLinkColor" */;
			compatibilityVersion = "Xcode 3.2";
			developmentRegion = English;
			hasScannedForEncodings = 0;
			knownRegions = (
				en,
				Base,
			);
			mainGroup = AECD90291EA636630039A72D;
			productRefGroup = AECD90331EA636630039A72D /* Products */;
			projectDirPath = "";
			projectRoot = "";
			targets = (
				AECD90311EA636630039A72D /* OCTCustomUITextViewLinkColor */,
			);
		};
/* End PBXProject section */

/* Begin PBXResourcesBuildPhase section */
		AECD90301EA636630039A72D /* Resources */ = {
			isa = PBXResourcesBuildPhase;
			buildActionMask = 2147483647;
			files = (
				AEBC22851EA7A6A600B64AFB /* jobs_completed_speech.html in Resources */,
				AEBC22861EA7A6A600B64AFB /* jobs_original_speech.txt in Resources */,
				AEBC22871EA7A6A600B64AFB /* template.html in Resources */,
				AECD90401EA636630039A72D /* LaunchScreen.storyboard in Resources */,
				AEBC22761EA7859A00B64AFB /* Main.storyboard in Resources */,
				AECD903D1EA636630039A72D /* Assets.xcassets in Resources */,
				AEBC22841EA7A6A600B64AFB /* cook_complete_speech.html in Resources */,
			);
			runOnlyForDeploymentPostprocessing = 0;
		};
/* End PBXResourcesBuildPhase section */

/* Begin PBXSourcesBuildPhase section */
		AECD902E1EA636630039A72D /* Sources */ = {
			isa = PBXSourcesBuildPhase;
			buildActionMask = 2147483647;
			files = (
				AEBC22691EA773CE00B64AFB /* OCTWebViewBasedViewController.swift in Sources */,
				AECD90361EA636630039A72D /* AppDelegate.swift in Sources */,
				40F5C2581EA930230058D551 /* OCTTextView.swift in Sources */,
				AEBC226D1EA773DE00B64AFB /* OCTTextViewBasedViewController.swift in Sources */,
			);
			runOnlyForDeploymentPostprocessing = 0;
		};
/* End PBXSourcesBuildPhase section */

/* Begin PBXVariantGroup section */
		AEBC22741EA7859A00B64AFB /* Main.storyboard */ = {
			isa = PBXVariantGroup;
			children = (
				AEBC22751EA7859A00B64AFB /* Base */,
			);
			name = Main.storyboard;
			sourceTree = "<group>";
		};
		AECD903E1EA636630039A72D /* LaunchScreen.storyboard */ = {
			isa = PBXVariantGroup;
			children = (
				AECD903F1EA636630039A72D /* Base */,
			);
			name = LaunchScreen.storyboard;
			sourceTree = "<group>";
		};
/* End PBXVariantGroup section */

/* Begin XCBuildConfiguration section */
		AECD90421EA636630039A72D /* Debug */ = {
			isa = XCBuildConfiguration;
			buildSettings = {
				ALWAYS_SEARCH_USER_PATHS = NO;
				CLANG_ANALYZER_NONNULL = YES;
				CLANG_ANALYZER_NUMBER_OBJECT_CONVERSION = YES_AGGRESSIVE;
				CLANG_CXX_LANGUAGE_STANDARD = "gnu++0x";
				CLANG_CXX_LIBRARY = "libc++";
				CLANG_ENABLE_MODULES = YES;
				CLANG_ENABLE_OBJC_ARC = YES;
				CLANG_WARN_BOOL_CONVERSION = YES;
				CLANG_WARN_CONSTANT_CONVERSION = YES;
				CLANG_WARN_DIRECT_OBJC_ISA_USAGE = YES_ERROR;
				CLANG_WARN_DOCUMENTATION_COMMENTS = YES;
				CLANG_WARN_EMPTY_BODY = YES;
				CLANG_WARN_ENUM_CONVERSION = YES;
				CLANG_WARN_INFINITE_RECURSION = YES;
				CLANG_WARN_INT_CONVERSION = YES;
				CLANG_WARN_OBJC_ROOT_CLASS = YES_ERROR;
				CLANG_WARN_SUSPICIOUS_MOVE = YES;
				CLANG_WARN_UNREACHABLE_CODE = YES;
				CLANG_WARN__DUPLICATE_METHOD_MATCH = YES;
				"CODE_SIGN_IDENTITY[sdk=iphoneos*]" = "iPhone Developer";
				COPY_PHASE_STRIP = NO;
				DEBUG_INFORMATION_FORMAT = dwarf;
				ENABLE_STRICT_OBJC_MSGSEND = YES;
				ENABLE_TESTABILITY = YES;
				GCC_C_LANGUAGE_STANDARD = gnu99;
				GCC_DYNAMIC_NO_PIC = NO;
				GCC_NO_COMMON_BLOCKS = YES;
				GCC_OPTIMIZATION_LEVEL = 0;
				GCC_PREPROCESSOR_DEFINITIONS = (
					"DEBUG=1",
					"$(inherited)",
				);
				GCC_WARN_64_TO_32_BIT_CONVERSION = YES;
				GCC_WARN_ABOUT_RETURN_TYPE = YES_ERROR;
				GCC_WARN_UNDECLARED_SELECTOR = YES;
				GCC_WARN_UNINITIALIZED_AUTOS = YES_AGGRESSIVE;
				GCC_WARN_UNUSED_FUNCTION = YES;
				GCC_WARN_UNUSED_VARIABLE = YES;
				IPHONEOS_DEPLOYMENT_TARGET = 10.3;
				MTL_ENABLE_DEBUG_INFO = YES;
				ONLY_ACTIVE_ARCH = YES;
				SDKROOT = iphoneos;
				SWIFT_ACTIVE_COMPILATION_CONDITIONS = DEBUG;
				SWIFT_OPTIMIZATION_LEVEL = "-Onone";
				TARGETED_DEVICE_FAMILY = "1,2";
			};
			name = Debug;
		};
		AECD90431EA636630039A72D /* Release */ = {
			isa = XCBuildConfiguration;
			buildSettings = {
				ALWAYS_SEARCH_USER_PATHS = NO;
				CLANG_ANALYZER_NONNULL = YES;
				CLANG_ANALYZER_NUMBER_OBJECT_CONVERSION = YES_AGGRESSIVE;
				CLANG_CXX_LANGUAGE_STANDARD = "gnu++0x";
				CLANG_CXX_LIBRARY = "libc++";
				CLANG_ENABLE_MODULES = YES;
				CLANG_ENABLE_OBJC_ARC = YES;
				CLANG_WARN_BOOL_CONVERSION = YES;
				CLANG_WARN_CONSTANT_CONVERSION = YES;
				CLANG_WARN_DIRECT_OBJC_ISA_USAGE = YES_ERROR;
				CLANG_WARN_DOCUMENTATION_COMMENTS = YES;
				CLANG_WARN_EMPTY_BODY = YES;
				CLANG_WARN_ENUM_CONVERSION = YES;
				CLANG_WARN_INFINITE_RECURSION = YES;
				CLANG_WARN_INT_CONVERSION = YES;
				CLANG_WARN_OBJC_ROOT_CLASS = YES_ERROR;
				CLANG_WARN_SUSPICIOUS_MOVE = YES;
				CLANG_WARN_UNREACHABLE_CODE = YES;
				CLANG_WARN__DUPLICATE_METHOD_MATCH = YES;
				"CODE_SIGN_IDENTITY[sdk=iphoneos*]" = "iPhone Developer";
				COPY_PHASE_STRIP = NO;
				DEBUG_INFORMATION_FORMAT = "dwarf-with-dsym";
				ENABLE_NS_ASSERTIONS = NO;
				ENABLE_STRICT_OBJC_MSGSEND = YES;
				GCC_C_LANGUAGE_STANDARD = gnu99;
				GCC_NO_COMMON_BLOCKS = YES;
				GCC_WARN_64_TO_32_BIT_CONVERSION = YES;
				GCC_WARN_ABOUT_RETURN_TYPE = YES_ERROR;
				GCC_WARN_UNDECLARED_SELECTOR = YES;
				GCC_WARN_UNINITIALIZED_AUTOS = YES_AGGRESSIVE;
				GCC_WARN_UNUSED_FUNCTION = YES;
				GCC_WARN_UNUSED_VARIABLE = YES;
				IPHONEOS_DEPLOYMENT_TARGET = 10.3;
				MTL_ENABLE_DEBUG_INFO = NO;
				SDKROOT = iphoneos;
				SWIFT_OPTIMIZATION_LEVEL = "-Owholemodule";
				TARGETED_DEVICE_FAMILY = "1,2";
				VALIDATE_PRODUCT = YES;
			};
			name = Release;
		};
		AECD90451EA636630039A72D /* Debug */ = {
			isa = XCBuildConfiguration;
			buildSettings = {
				ASSETCATALOG_COMPILER_APPICON_NAME = AppIcon;
				INFOPLIST_FILE = OCTCustomUITextViewLinkColor/Info.plist;
				LD_RUNPATH_SEARCH_PATHS = "$(inherited) @executable_path/Frameworks";
				PRODUCT_BUNDLE_IDENTIFIER = Octodev.OCTCustomUITextViewLinkColor;
				PRODUCT_NAME = "$(TARGET_NAME)";
				SWIFT_VERSION = 3.0;
				TARGETED_DEVICE_FAMILY = "1,2";
			};
			name = Debug;
		};
		AECD90461EA636630039A72D /* Release */ = {
			isa = XCBuildConfiguration;
			buildSettings = {
				ASSETCATALOG_COMPILER_APPICON_NAME = AppIcon;
				INFOPLIST_FILE = OCTCustomUITextViewLinkColor/Info.plist;
				LD_RUNPATH_SEARCH_PATHS = "$(inherited) @executable_path/Frameworks";
				PRODUCT_BUNDLE_IDENTIFIER = Octodev.OCTCustomUITextViewLinkColor;
				PRODUCT_NAME = "$(TARGET_NAME)";
				SWIFT_VERSION = 3.0;
				TARGETED_DEVICE_FAMILY = "1,2";
			};
			name = Release;
		};
/* End XCBuildConfiguration section */

/* Begin XCConfigurationList section */
		AECD902D1EA636630039A72D /* Build configuration list for PBXProject "OCTCustomUITextViewLinkColor" */ = {
			isa = XCConfigurationList;
			buildConfigurations = (
				AECD90421EA636630039A72D /* Debug */,
				AECD90431EA636630039A72D /* Release */,
			);
			defaultConfigurationIsVisible = 0;
			defaultConfigurationName = Release;
		};
		AECD90441EA636630039A72D /* Build configuration list for PBXNativeTarget "OCTCustomUITextViewLinkColor" */ = {
			isa = XCConfigurationList;
			buildConfigurations = (
				AECD90451EA636630039A72D /* Debug */,
				AECD90461EA636630039A72D /* Release */,
			);
			defaultConfigurationIsVisible = 0;
			defaultConfigurationName = Release;
		};
/* End XCConfigurationList section */
	};
	rootObject = AECD902A1EA636630039A72D /* Project object */;
}
